// !$*UTF8*$!
{
	archiveVersion = 1;
	classes = {
	};
	objectVersion = 50;
	objects = {

/* Begin PBXBuildFile section */
		433896262405DA9E0063DD5B /* AppDelegate.swift in Sources */ = {isa = PBXBuildFile; fileRef = 433896252405DA9E0063DD5B /* AppDelegate.swift */; };
		433896282405DA9E0063DD5B /* TodoListViewController.swift in Sources */ = {isa = PBXBuildFile; fileRef = 433896272405DA9E0063DD5B /* TodoListViewController.swift */; };
		4338962B2405DA9E0063DD5B /* Main.storyboard in Resources */ = {isa = PBXBuildFile; fileRef = 433896292405DA9E0063DD5B /* Main.storyboard */; };
		4338962D2405DAA10063DD5B /* Assets.xcassets in Resources */ = {isa = PBXBuildFile; fileRef = 4338962C2405DAA10063DD5B /* Assets.xcassets */; };
		433896302405DAA10063DD5B /* LaunchScreen.storyboard in Resources */ = {isa = PBXBuildFile; fileRef = 4338962E2405DAA10063DD5B /* LaunchScreen.storyboard */; };
		436EC81424084A5400546DD9 /* CategoryViewController.swift in Sources */ = {isa = PBXBuildFile; fileRef = 436EC81324084A5400546DD9 /* CategoryViewController.swift */; };
		43C2B0A52406FE7400E11DBB /* DataModel.xcdatamodeld in Sources */ = {isa = PBXBuildFile; fileRef = 43C2B0A32406FE7400E11DBB /* DataModel.xcdatamodeld */; };
/* End PBXBuildFile section */

/* Begin PBXFileReference section */
		433896222405DA9E0063DD5B /* TodiOS.app */ = {isa = PBXFileReference; explicitFileType = wrapper.application; includeInIndex = 0; path = TodiOS.app; sourceTree = BUILT_PRODUCTS_DIR; };
		433896252405DA9E0063DD5B /* AppDelegate.swift */ = {isa = PBXFileReference; lastKnownFileType = sourcecode.swift; path = AppDelegate.swift; sourceTree = "<group>"; };
		433896272405DA9E0063DD5B /* TodoListViewController.swift */ = {isa = PBXFileReference; lastKnownFileType = sourcecode.swift; path = TodoListViewController.swift; sourceTree = "<group>"; };
		4338962A2405DA9E0063DD5B /* Base */ = {isa = PBXFileReference; lastKnownFileType = file.storyboard; name = Base; path = Base.lproj/Main.storyboard; sourceTree = "<group>"; };
		4338962C2405DAA10063DD5B /* Assets.xcassets */ = {isa = PBXFileReference; lastKnownFileType = folder.assetcatalog; path = Assets.xcassets; sourceTree = "<group>"; };
		4338962F2405DAA10063DD5B /* Base */ = {isa = PBXFileReference; lastKnownFileType = file.storyboard; name = Base; path = Base.lproj/LaunchScreen.storyboard; sourceTree = "<group>"; };
		433896312405DAA10063DD5B /* Info.plist */ = {isa = PBXFileReference; lastKnownFileType = text.plist.xml; path = Info.plist; sourceTree = "<group>"; };
		436EC81324084A5400546DD9 /* CategoryViewController.swift */ = {isa = PBXFileReference; lastKnownFileType = sourcecode.swift; path = CategoryViewController.swift; sourceTree = "<group>"; };
		43C2B0A42406FE7400E11DBB /* DataModel.xcdatamodel */ = {isa = PBXFileReference; lastKnownFileType = wrapper.xcdatamodel; path = DataModel.xcdatamodel; sourceTree = "<group>"; };
/* End PBXFileReference section */

/* Begin PBXFrameworksBuildPhase section */
		4338961F2405DA9E0063DD5B /* Frameworks */ = {
			isa = PBXFrameworksBuildPhase;
			buildActionMask = 2147483647;
			files = (
			);
			runOnlyForDeploymentPostprocessing = 0;
		};
/* End PBXFrameworksBuildPhase section */

/* Begin PBXGroup section */
		433896192405DA9D0063DD5B = {
			isa = PBXGroup;
			children = (
				433896242405DA9E0063DD5B /* TodiOS */,
				433896232405DA9E0063DD5B /* Products */,
			);
			sourceTree = "<group>";
		};
		433896232405DA9E0063DD5B /* Products */ = {
			isa = PBXGroup;
			children = (
				433896222405DA9E0063DD5B /* TodiOS.app */,
			);
			name = Products;
			sourceTree = "<group>";
		};
		433896242405DA9E0063DD5B /* TodiOS */ = {
			isa = PBXGroup;
			children = (
				433896252405DA9E0063DD5B /* AppDelegate.swift */,
				4338963A240605370063DD5B /* Controllers */,
				433896392406051D0063DD5B /* Model */,
				4338963B240605490063DD5B /* Views */,
				4338963C2406056D0063DD5B /* Supporting Files */,
				433896312405DAA10063DD5B /* Info.plist */,
			);
			path = TodiOS;
			sourceTree = "<group>";
		};
		433896392406051D0063DD5B /* Model */ = {
			isa = PBXGroup;
			children = (
				43C2B0A32406FE7400E11DBB /* DataModel.xcdatamodeld */,
			);
			path = Model;
			sourceTree = "<group>";
		};
		4338963A240605370063DD5B /* Controllers */ = {
			isa = PBXGroup;
			children = (
				436EC81324084A5400546DD9 /* CategoryViewController.swift */,
				433896272405DA9E0063DD5B /* TodoListViewController.swift */,
			);
			path = Controllers;
			sourceTree = "<group>";
		};
		4338963B240605490063DD5B /* Views */ = {
			isa = PBXGroup;
			children = (
				433896292405DA9E0063DD5B /* Main.storyboard */,
			);
			path = Views;
			sourceTree = "<group>";
		};
		4338963C2406056D0063DD5B /* Supporting Files */ = {
			isa = PBXGroup;
			children = (
				4338962C2405DAA10063DD5B /* Assets.xcassets */,
				4338962E2405DAA10063DD5B /* LaunchScreen.storyboard */,
			);
			path = "Supporting Files";
			sourceTree = "<group>";
		};
/* End PBXGroup section */

/* Begin PBXNativeTarget section */
		433896212405DA9E0063DD5B /* TodiOS */ = {
			isa = PBXNativeTarget;
			buildConfigurationList = 433896342405DAA10063DD5B /* Build configuration list for PBXNativeTarget "TodiOS" */;
			buildPhases = (
				4338961E2405DA9E0063DD5B /* Sources */,
				4338961F2405DA9E0063DD5B /* Frameworks */,
				433896202405DA9E0063DD5B /* Resources */,
			);
			buildRules = (
			);
			dependencies = (
			);
			name = TodiOS;
			productName = TodiOS;
			productReference = 433896222405DA9E0063DD5B /* TodiOS.app */;
			productType = "com.apple.product-type.application";
		};
/* End PBXNativeTarget section */

/* Begin PBXProject section */
		4338961A2405DA9E0063DD5B /* Project object */ = {
			isa = PBXProject;
			attributes = {
				LastSwiftUpdateCheck = 1010;
				LastUpgradeCheck = 1010;
				ORGANIZATIONNAME = azzi;
				TargetAttributes = {
					433896212405DA9E0063DD5B = {
						CreatedOnToolsVersion = 10.1;
					};
				};
			};
			buildConfigurationList = 4338961D2405DA9E0063DD5B /* Build configuration list for PBXProject "TodiOS" */;
			compatibilityVersion = "Xcode 9.3";
			developmentRegion = en;
			hasScannedForEncodings = 0;
			knownRegions = (
				en,
				Base,
			);
			mainGroup = 433896192405DA9D0063DD5B;
			productRefGroup = 433896232405DA9E0063DD5B /* Products */;
			projectDirPath = "";
			projectRoot = "";
			targets = (
				433896212405DA9E0063DD5B /* TodiOS */,
			);
		};
/* End PBXProject section */

/* Begin PBXResourcesBuildPhase section */
		433896202405DA9E0063DD5B /* Resources */ = {
			isa = PBXResourcesBuildPhase;
			buildActionMask = 2147483647;
			files = (
				433896302405DAA10063DD5B /* LaunchScreen.storyboard in Resources */,
				4338962D2405DAA10063DD5B /* Assets.xcassets in Resources */,
				4338962B2405DA9E0063DD5B /* Main.storyboard in Resources */,
			);
			runOnlyForDeploymentPostprocessing = 0;
		};
/* End PBXResourcesBuildPhase section */

/* Begin PBXSourcesBuildPhase section */
		4338961E2405DA9E0063DD5B /* Sources */ = {
			isa = PBXSourcesBuildPhase;
			buildActionMask = 2147483647;
			files = (
				436EC81424084A5400546DD9 /* CategoryViewController.swift in Sources */,
				433896282405DA9E0063DD5B /* TodoListViewController.swift in Sources */,
				43C2B0A52406FE7400E11DBB /* DataModel.xcdatamodeld in Sources */,
				433896262405DA9E0063DD5B /* AppDelegate.swift in Sources */,
			);
			runOnlyForDeploymentPostprocessing = 0;
		};
/* End PBXSourcesBuildPhase section */

/* Begin PBXVariantGroup section */
		433896292405DA9E0063DD5B /* Main.storyboard */ = {
			isa = PBXVariantGroup;
			children = (
				4338962A2405DA9E0063DD5B /* Base */,
			);
			name = Main.storyboard;
			sourceTree = "<group>";
		};
		4338962E2405DAA10063DD5B /* LaunchScreen.storyboard */ = {
			isa = PBXVariantGroup;
			children = (
				4338962F2405DAA10063DD5B /* Base */,
			);
			name = LaunchScreen.storyboard;
			sourceTree = "<group>";
		};
/* End PBXVariantGroup section */

/* Begin XCBuildConfiguration section */
		433896322405DAA10063DD5B /* Debug */ = {
			isa = XCBuildConfiguration;
			buildSettings = {
				ALWAYS_SEARCH_USER_PATHS = NO;
				CLANG_ANALYZER_NONNULL = YES;
				CLANG_ANALYZER_NUMBER_OBJECT_CONVERSION = YES_AGGRESSIVE;
				CLANG_CXX_LANGUAGE_STANDARD = "gnu++14";
				CLANG_CXX_LIBRARY = "libc++";
				CLANG_ENABLE_MODULES = YES;
				CLANG_ENABLE_OBJC_ARC = YES;
				CLANG_ENABLE_OBJC_WEAK = YES;
				CLANG_WARN_BLOCK_CAPTURE_AUTORELEASING = YES;
				CLANG_WARN_BOOL_CONVERSION = YES;
				CLANG_WARN_COMMA = YES;
				CLANG_WARN_CONSTANT_CONVERSION = YES;
				CLANG_WARN_DEPRECATED_OBJC_IMPLEMENTATIONS = YES;
				CLANG_WARN_DIRECT_OBJC_ISA_USAGE = YES_ERROR;
				CLANG_WARN_DOCUMENTATION_COMMENTS = YES;
				CLANG_WARN_EMPTY_BODY = YES;
				CLANG_WARN_ENUM_CONVERSION = YES;
				CLANG_WARN_INFINITE_RECURSION = YES;
				CLANG_WARN_INT_CONVERSION = YES;
				CLANG_WARN_NON_LITERAL_NULL_CONVERSION = YES;
				CLANG_WARN_OBJC_IMPLICIT_RETAIN_SELF = YES;
				CLANG_WARN_OBJC_LITERAL_CONVERSION = YES;
				CLANG_WARN_OBJC_ROOT_CLASS = YES_ERROR;
				CLANG_WARN_RANGE_LOOP_ANALYSIS = YES;
				CLANG_WARN_STRICT_PROTOTYPES = YES;
				CLANG_WARN_SUSPICIOUS_MOVE = YES;
				CLANG_WARN_UNGUARDED_AVAILABILITY = YES_AGGRESSIVE;
				CLANG_WARN_UNREACHABLE_CODE = YES;
				CLANG_WARN__DUPLICATE_METHOD_MATCH = YES;
				CODE_SIGN_IDENTITY = "iPhone Developer";
				COPY_PHASE_STRIP = NO;
				DEBUG_INFORMATION_FORMAT = dwarf;
				ENABLE_STRICT_OBJC_MSGSEND = YES;
				ENABLE_TESTABILITY = YES;
				GCC_C_LANGUAGE_STANDARD = gnu11;
				GCC_DYNAMIC_NO_PIC = NO;
				GCC_NO_COMMON_BLOCKS = YES;
				GCC_OPTIMIZATION_LEVEL = 0;
				GCC_PREPROCESSOR_DEFINITIONS = (
					"DEBUG=1",
					"$(inherited)",
				);
				GCC_WARN_64_TO_32_BIT_CONVERSION = YES;
				GCC_WARN_ABOUT_RETURN_TYPE = YES_ERROR;
				GCC_WARN_UNDECLARED_SELECTOR = YES;
				GCC_WARN_UNINITIALIZED_AUTOS = YES_AGGRESSIVE;
				GCC_WARN_UNUSED_FUNCTION = YES;
				GCC_WARN_UNUSED_VARIABLE = YES;
				IPHONEOS_DEPLOYMENT_TARGET = 12.1;
				MTL_ENABLE_DEBUG_INFO = INCLUDE_SOURCE;
				MTL_FAST_MATH = YES;
				ONLY_ACTIVE_ARCH = YES;
				SDKROOT = iphoneos;
				SWIFT_ACTIVE_COMPILATION_CONDITIONS = DEBUG;
				SWIFT_OPTIMIZATION_LEVEL = "-Onone";
			};
			name = Debug;
		};
		433896332405DAA10063DD5B /* Release */ = {
			isa = XCBuildConfiguration;
			buildSettings = {
				ALWAYS_SEARCH_USER_PATHS = NO;
				CLANG_ANALYZER_NONNULL = YES;
				CLANG_ANALYZER_NUMBER_OBJECT_CONVERSION = YES_AGGRESSIVE;
				CLANG_CXX_LANGUAGE_STANDARD = "gnu++14";
				CLANG_CXX_LIBRARY = "libc++";
				CLANG_ENABLE_MODULES = YES;
				CLANG_ENABLE_OBJC_ARC = YES;
				CLANG_ENABLE_OBJC_WEAK = YES;
				CLANG_WARN_BLOCK_CAPTURE_AUTORELEASING = YES;
				CLANG_WARN_BOOL_CONVERSION = YES;
				CLANG_WARN_COMMA = YES;
				CLANG_WARN_CONSTANT_CONVERSION = YES;
				CLANG_WARN_DEPRECATED_OBJC_IMPLEMENTATIONS = YES;
				CLANG_WARN_DIRECT_OBJC_ISA_USAGE = YES_ERROR;
				CLANG_WARN_DOCUMENTATION_COMMENTS = YES;
				CLANG_WARN_EMPTY_BODY = YES;
				CLANG_WARN_ENUM_CONVERSION = YES;
				CLANG_WARN_INFINITE_RECURSION = YES;
				CLANG_WARN_INT_CONVERSION = YES;
				CLANG_WARN_NON_LITERAL_NULL_CONVERSION = YES;
				CLANG_WARN_OBJC_IMPLICIT_RETAIN_SELF = YES;
				CLANG_WARN_OBJC_LITERAL_CONVERSION = YES;
				CLANG_WARN_OBJC_ROOT_CLASS = YES_ERROR;
				CLANG_WARN_RANGE_LOOP_ANALYSIS = YES;
				CLANG_WARN_STRICT_PROTOTYPES = YES;
				CLANG_WARN_SUSPICIOUS_MOVE = YES;
				CLANG_WARN_UNGUARDED_AVAILABILITY = YES_AGGRESSIVE;
				CLANG_WARN_UNREACHABLE_CODE = YES;
				CLANG_WARN__DUPLICATE_METHOD_MATCH = YES;
				CODE_SIGN_IDENTITY = "iPhone Developer";
				COPY_PHASE_STRIP = NO;
				DEBUG_INFORMATION_FORMAT = "dwarf-with-dsym";
				ENABLE_NS_ASSERTIONS = NO;
				ENABLE_STRICT_OBJC_MSGSEND = YES;
				GCC_C_LANGUAGE_STANDARD = gnu11;
				GCC_NO_COMMON_BLOCKS = YES;
				GCC_WARN_64_TO_32_BIT_CONVERSION = YES;
				GCC_WARN_ABOUT_RETURN_TYPE = YES_ERROR;
				GCC_WARN_UNDECLARED_SELECTOR = YES;
				GCC_WARN_UNINITIALIZED_AUTOS = YES_AGGRESSIVE;
				GCC_WARN_UNUSED_FUNCTION = YES;
				GCC_WARN_UNUSED_VARIABLE = YES;
				IPHONEOS_DEPLOYMENT_TARGET = 12.1;
				MTL_ENABLE_DEBUG_INFO = NO;
				MTL_FAST_MATH = YES;
				SDKROOT = iphoneos;
				SWIFT_COMPILATION_MODE = wholemodule;
				SWIFT_OPTIMIZATION_LEVEL = "-O";
				VALIDATE_PRODUCT = YES;
			};
			name = Release;
		};
		433896352405DAA10063DD5B /* Debug */ = {
			isa = XCBuildConfiguration;
			buildSettings = {
				ASSETCATALOG_COMPILER_APPICON_NAME = AppIcon;
				CODE_SIGN_STYLE = Automatic;
				DEVELOPMENT_TEAM = 64M59QFR4Z;
				INFOPLIST_FILE = TodiOS/Info.plist;
				IPHONEOS_DEPLOYMENT_TARGET = 11.1;
				LD_RUNPATH_SEARCH_PATHS = (
					"$(inherited)",
					"@executable_path/Frameworks",
				);
				PRODUCT_BUNDLE_IDENTIFIER = io.github.noargs.TodiOS;
				PRODUCT_NAME = "$(TARGET_NAME)";
				SWIFT_VERSION = 4.2;
				TARGETED_DEVICE_FAMILY = "1,2";
			};
			name = Debug;
		};
		433896362405DAA10063DD5B /* Release */ = {
			isa = XCBuildConfiguration;
			buildSettings = {
				ASSETCATALOG_COMPILER_APPICON_NAME = AppIcon;
				CODE_SIGN_STYLE = Automatic;
				DEVELOPMENT_TEAM = 64M59QFR4Z;
				INFOPLIST_FILE = TodiOS/Info.plist;
				IPHONEOS_DEPLOYMENT_TARGET = 11.1;
				LD_RUNPATH_SEARCH_PATHS = (
					"$(inherited)",
					"@executable_path/Frameworks",
				);
				PRODUCT_BUNDLE_IDENTIFIER = io.github.noargs.TodiOS;
				PRODUCT_NAME = "$(TARGET_NAME)";
				SWIFT_VERSION = 4.2;
				TARGETED_DEVICE_FAMILY = "1,2";
			};
			name = Release;
		};
/* End XCBuildConfiguration section */

/* Begin XCConfigurationList section */
		4338961D2405DA9E0063DD5B /* Build configuration list for PBXProject "TodiOS" */ = {
			isa = XCConfigurationList;
			buildConfigurations = (
				433896322405DAA10063DD5B /* Debug */,
				433896332405DAA10063DD5B /* Release */,
			);
			defaultConfigurationIsVisible = 0;
			defaultConfigurationName = Release;
		};
		433896342405DAA10063DD5B /* Build configuration list for PBXNativeTarget "TodiOS" */ = {
			isa = XCConfigurationList;
			buildConfigurations = (
				433896352405DAA10063DD5B /* Debug */,
				433896362405DAA10063DD5B /* Release */,
			);
			defaultConfigurationIsVisible = 0;
			defaultConfigurationName = Release;
		};
/* End XCConfigurationList section */

/* Begin XCVersionGroup section */
		43C2B0A32406FE7400E11DBB /* DataModel.xcdatamodeld */ = {
			isa = XCVersionGroup;
			children = (
				43C2B0A42406FE7400E11DBB /* DataModel.xcdatamodel */,
			);
			currentVersion = 43C2B0A42406FE7400E11DBB /* DataModel.xcdatamodel */;
			path = DataModel.xcdatamodeld;
			sourceTree = "<group>";
			versionGroupType = wrapper.xcdatamodel;
		};
/* End XCVersionGroup section */
	};
	rootObject = 4338961A2405DA9E0063DD5B /* Project object */;
}
